// !$*UTF8*$!
{
	archiveVersion = 1;
	classes = {
	};
	objectVersion = 55;
	objects = {

/* Begin PBXBuildFile section */
		34C0BA5B35F166C9AE64CE35 /* Pods_WatchIt.framework in Frameworks */ = {isa = PBXBuildFile; fileRef = F6B029AAD7981E3E93BBE5CD /* Pods_WatchIt.framework */; };
		CD80F05F289B080C0091F910 /* AppDelegate.swift in Sources */ = {isa = PBXBuildFile; fileRef = CD80F05E289B080C0091F910 /* AppDelegate.swift */; };
		CD80F061289B080C0091F910 /* SceneDelegate.swift in Sources */ = {isa = PBXBuildFile; fileRef = CD80F060289B080C0091F910 /* SceneDelegate.swift */; };
		CD80F063289B080C0091F910 /* HomeViewController.swift in Sources */ = {isa = PBXBuildFile; fileRef = CD80F062289B080C0091F910 /* HomeViewController.swift */; };
		CD80F066289B080C0091F910 /* Main.storyboard in Resources */ = {isa = PBXBuildFile; fileRef = CD80F064289B080C0091F910 /* Main.storyboard */; };
		CD80F068289B08110091F910 /* Assets.xcassets in Resources */ = {isa = PBXBuildFile; fileRef = CD80F067289B08110091F910 /* Assets.xcassets */; };
		CD80F06B289B08110091F910 /* LaunchScreen.storyboard in Resources */ = {isa = PBXBuildFile; fileRef = CD80F069289B08110091F910 /* LaunchScreen.storyboard */; };
		CD88DCAA289C790B0025BCEE /* DatabaseManager.swift in Sources */ = {isa = PBXBuildFile; fileRef = CD88DCA9289C790B0025BCEE /* DatabaseManager.swift */; };
		CD88DCAE289C7A8D0025BCEE /* AuthManager.swift in Sources */ = {isa = PBXBuildFile; fileRef = CD88DCAD289C7A8D0025BCEE /* AuthManager.swift */; };
		CD88DCB1289CA4FD0025BCEE /* Extensions.swift in Sources */ = {isa = PBXBuildFile; fileRef = CD88DCB0289CA4FD0025BCEE /* Extensions.swift */; };
		CD88DCB328D54DF70025BCEE /* SearchResponse.swift in Sources */ = {isa = PBXBuildFile; fileRef = CD88DCB228D54DF70025BCEE /* SearchResponse.swift */; };
		CD88DCB528D6D6990025BCEE /* ExploreSectionType.swift in Sources */ = {isa = PBXBuildFile; fileRef = CD88DCB428D6D6980025BCEE /* ExploreSectionType.swift */; };
		CD88DCB728D6D7750025BCEE /* ExploreCell.swift in Sources */ = {isa = PBXBuildFile; fileRef = CD88DCB628D6D7750025BCEE /* ExploreCell.swift */; };
		CD88DCB928D6D78E0025BCEE /* ExploreSection.swift in Sources */ = {isa = PBXBuildFile; fileRef = CD88DCB828D6D78E0025BCEE /* ExploreSection.swift */; };
		CD91FB5F289B53F60014A282 /* ExploreViewController.swift in Sources */ = {isa = PBXBuildFile; fileRef = CD91FB5E289B53F60014A282 /* ExploreViewController.swift */; };
		CD91FB61289B54040014A282 /* ProfileViewController.swift in Sources */ = {isa = PBXBuildFile; fileRef = CD91FB60289B54040014A282 /* ProfileViewController.swift */; };
		CD91FB63289B54520014A282 /* TabBarViewController.swift in Sources */ = {isa = PBXBuildFile; fileRef = CD91FB62289B54520014A282 /* TabBarViewController.swift */; };
		CD91FB66289B7BEC0014A282 /* APICaller.swift in Sources */ = {isa = PBXBuildFile; fileRef = CD91FB65289B7BEC0014A282 /* APICaller.swift */; };
		CD91FB68289B95250014A282 /* API.swift in Sources */ = {isa = PBXBuildFile; fileRef = CD91FB67289B95250014A282 /* API.swift */; };
		CD91FB6A289B9A780014A282 /* GoogleService-Info.plist in Resources */ = {isa = PBXBuildFile; fileRef = CD91FB69289B9A780014A282 /* GoogleService-Info.plist */; };
/* End PBXBuildFile section */

/* Begin PBXFileReference section */
		39EEB15EA64A2FC8C0531EF8 /* Pods-WatchIt.debug.xcconfig */ = {isa = PBXFileReference; includeInIndex = 1; lastKnownFileType = text.xcconfig; name = "Pods-WatchIt.debug.xcconfig"; path = "Target Support Files/Pods-WatchIt/Pods-WatchIt.debug.xcconfig"; sourceTree = "<group>"; };
		CD80F05B289B080C0091F910 /* WatchIt.app */ = {isa = PBXFileReference; explicitFileType = wrapper.application; includeInIndex = 0; path = WatchIt.app; sourceTree = BUILT_PRODUCTS_DIR; };
		CD80F05E289B080C0091F910 /* AppDelegate.swift */ = {isa = PBXFileReference; lastKnownFileType = sourcecode.swift; path = AppDelegate.swift; sourceTree = "<group>"; };
		CD80F060289B080C0091F910 /* SceneDelegate.swift */ = {isa = PBXFileReference; lastKnownFileType = sourcecode.swift; path = SceneDelegate.swift; sourceTree = "<group>"; };
		CD80F062289B080C0091F910 /* HomeViewController.swift */ = {isa = PBXFileReference; lastKnownFileType = sourcecode.swift; path = HomeViewController.swift; sourceTree = "<group>"; };
		CD80F065289B080C0091F910 /* Base */ = {isa = PBXFileReference; lastKnownFileType = file.storyboard; name = Base; path = Base.lproj/Main.storyboard; sourceTree = "<group>"; };
		CD80F067289B08110091F910 /* Assets.xcassets */ = {isa = PBXFileReference; lastKnownFileType = folder.assetcatalog; path = Assets.xcassets; sourceTree = "<group>"; };
		CD80F06A289B08110091F910 /* Base */ = {isa = PBXFileReference; lastKnownFileType = file.storyboard; name = Base; path = Base.lproj/LaunchScreen.storyboard; sourceTree = "<group>"; };
		CD80F06C289B08110091F910 /* Info.plist */ = {isa = PBXFileReference; lastKnownFileType = text.plist.xml; path = Info.plist; sourceTree = "<group>"; };
		CD88DCA9289C790B0025BCEE /* DatabaseManager.swift */ = {isa = PBXFileReference; lastKnownFileType = sourcecode.swift; path = DatabaseManager.swift; sourceTree = "<group>"; };
		CD88DCAD289C7A8D0025BCEE /* AuthManager.swift */ = {isa = PBXFileReference; lastKnownFileType = sourcecode.swift; path = AuthManager.swift; sourceTree = "<group>"; };
		CD88DCB0289CA4FD0025BCEE /* Extensions.swift */ = {isa = PBXFileReference; lastKnownFileType = sourcecode.swift; path = Extensions.swift; sourceTree = "<group>"; };
		CD88DCB228D54DF70025BCEE /* SearchResponse.swift */ = {isa = PBXFileReference; lastKnownFileType = sourcecode.swift; path = SearchResponse.swift; sourceTree = "<group>"; };
		CD88DCB428D6D6980025BCEE /* ExploreSectionType.swift */ = {isa = PBXFileReference; lastKnownFileType = sourcecode.swift; path = ExploreSectionType.swift; sourceTree = "<group>"; };
		CD88DCB628D6D7750025BCEE /* ExploreCell.swift */ = {isa = PBXFileReference; lastKnownFileType = sourcecode.swift; path = ExploreCell.swift; sourceTree = "<group>"; };
		CD88DCB828D6D78E0025BCEE /* ExploreSection.swift */ = {isa = PBXFileReference; lastKnownFileType = sourcecode.swift; path = ExploreSection.swift; sourceTree = "<group>"; };
		CD91FB5E289B53F60014A282 /* ExploreViewController.swift */ = {isa = PBXFileReference; lastKnownFileType = sourcecode.swift; path = ExploreViewController.swift; sourceTree = "<group>"; };
		CD91FB60289B54040014A282 /* ProfileViewController.swift */ = {isa = PBXFileReference; lastKnownFileType = sourcecode.swift; path = ProfileViewController.swift; sourceTree = "<group>"; };
		CD91FB62289B54520014A282 /* TabBarViewController.swift */ = {isa = PBXFileReference; lastKnownFileType = sourcecode.swift; path = TabBarViewController.swift; sourceTree = "<group>"; };
		CD91FB65289B7BEC0014A282 /* APICaller.swift */ = {isa = PBXFileReference; lastKnownFileType = sourcecode.swift; path = APICaller.swift; sourceTree = "<group>"; };
		CD91FB67289B95250014A282 /* API.swift */ = {isa = PBXFileReference; lastKnownFileType = sourcecode.swift; path = API.swift; sourceTree = "<group>"; };
		CD91FB69289B9A780014A282 /* GoogleService-Info.plist */ = {isa = PBXFileReference; fileEncoding = 4; lastKnownFileType = text.plist.xml; path = "GoogleService-Info.plist"; sourceTree = "<group>"; };
		DE2887404513DCDC12C2F490 /* Pods-WatchIt.release.xcconfig */ = {isa = PBXFileReference; includeInIndex = 1; lastKnownFileType = text.xcconfig; name = "Pods-WatchIt.release.xcconfig"; path = "Target Support Files/Pods-WatchIt/Pods-WatchIt.release.xcconfig"; sourceTree = "<group>"; };
		F6B029AAD7981E3E93BBE5CD /* Pods_WatchIt.framework */ = {isa = PBXFileReference; explicitFileType = wrapper.framework; includeInIndex = 0; path = Pods_WatchIt.framework; sourceTree = BUILT_PRODUCTS_DIR; };
/* End PBXFileReference section */

/* Begin PBXFrameworksBuildPhase section */
		CD80F058289B080C0091F910 /* Frameworks */ = {
			isa = PBXFrameworksBuildPhase;
			buildActionMask = 2147483647;
			files = (
				34C0BA5B35F166C9AE64CE35 /* Pods_WatchIt.framework in Frameworks */,
			);
			runOnlyForDeploymentPostprocessing = 0;
		};
/* End PBXFrameworksBuildPhase section */

/* Begin PBXGroup section */
		ABCB2B44A5CD3BAF0AF51018 /* Frameworks */ = {
			isa = PBXGroup;
			children = (
				F6B029AAD7981E3E93BBE5CD /* Pods_WatchIt.framework */,
			);
			name = Frameworks;
			sourceTree = "<group>";
		};
		CD8036F1289B358800BD5ABB /* Controllers */ = {
			isa = PBXGroup;
			children = (
				CD80F062289B080C0091F910 /* HomeViewController.swift */,
				CD91FB5E289B53F60014A282 /* ExploreViewController.swift */,
				CD91FB60289B54040014A282 /* ProfileViewController.swift */,
				CD91FB62289B54520014A282 /* TabBarViewController.swift */,
			);
			path = Controllers;
			sourceTree = "<group>";
		};
		CD8036F2289B358D00BD5ABB /* Resources */ = {
			isa = PBXGroup;
			children = (
				CD91FB69289B9A780014A282 /* GoogleService-Info.plist */,
				CD80F067289B08110091F910 /* Assets.xcassets */,
				CD80F05E289B080C0091F910 /* AppDelegate.swift */,
				CD88DCB0289CA4FD0025BCEE /* Extensions.swift */,
				CD80F060289B080C0091F910 /* SceneDelegate.swift */,
				CD91FB67289B95250014A282 /* API.swift */,
			);
			path = Resources;
			sourceTree = "<group>";
		};
		CD8036F3289B35EA00BD5ABB /* Models */ = {
			isa = PBXGroup;
			children = (
				CD88DCB428D6D6980025BCEE /* ExploreSectionType.swift */,
				CD88DCB228D54DF70025BCEE /* SearchResponse.swift */,
				CD88DCB628D6D7750025BCEE /* ExploreCell.swift */,
				CD88DCB828D6D78E0025BCEE /* ExploreSection.swift */,
			);
			path = Models;
			sourceTree = "<group>";
		};
		CD8036F4289B35F500BD5ABB /* ViewModel */ = {
			isa = PBXGroup;
			children = (
			);
			path = ViewModel;
			sourceTree = "<group>";
		};
		CD8036F5289B35FB00BD5ABB /* Views */ = {
			isa = PBXGroup;
			children = (
				CD80F064289B080C0091F910 /* Main.storyboard */,
				CD80F069289B08110091F910 /* LaunchScreen.storyboard */,
			);
			path = Views;
			sourceTree = "<group>";
		};
		CD80F052289B080C0091F910 = {
			isa = PBXGroup;
			children = (
				CD80F05D289B080C0091F910 /* WatchIt */,
				CD80F05C289B080C0091F910 /* Products */,
				F4EFC128625FAB82DAF17779 /* Pods */,
				ABCB2B44A5CD3BAF0AF51018 /* Frameworks */,
			);
			sourceTree = "<group>";
		};
		CD80F05C289B080C0091F910 /* Products */ = {
			isa = PBXGroup;
			children = (
				CD80F05B289B080C0091F910 /* WatchIt.app */,
			);
			name = Products;
			sourceTree = "<group>";
		};
		CD80F05D289B080C0091F910 /* WatchIt */ = {
			isa = PBXGroup;
			children = (
				CD80F06C289B08110091F910 /* Info.plist */,
				CD8036F2289B358D00BD5ABB /* Resources */,
				CD8036F5289B35FB00BD5ABB /* Views */,
				CD8036F4289B35F500BD5ABB /* ViewModel */,
				CD8036F3289B35EA00BD5ABB /* Models */,
				CD91FB64289B7BCF0014A282 /* Managers */,
				CD8036F1289B358800BD5ABB /* Controllers */,
			);
			path = WatchIt;
			sourceTree = "<group>";
		};
		CD91FB64289B7BCF0014A282 /* Managers */ = {
			isa = PBXGroup;
			children = (
				CD91FB65289B7BEC0014A282 /* APICaller.swift */,
				CD88DCAD289C7A8D0025BCEE /* AuthManager.swift */,
				CD88DCA9289C790B0025BCEE /* DatabaseManager.swift */,
			);
			path = Managers;
			sourceTree = "<group>";
		};
		F4EFC128625FAB82DAF17779 /* Pods */ = {
			isa = PBXGroup;
			children = (
				39EEB15EA64A2FC8C0531EF8 /* Pods-WatchIt.debug.xcconfig */,
				DE2887404513DCDC12C2F490 /* Pods-WatchIt.release.xcconfig */,
			);
			path = Pods;
			sourceTree = "<group>";
		};
/* End PBXGroup section */

/* Begin PBXNativeTarget section */
		CD80F05A289B080C0091F910 /* WatchIt */ = {
			isa = PBXNativeTarget;
			buildConfigurationList = CD80F06F289B08110091F910 /* Build configuration list for PBXNativeTarget "WatchIt" */;
			buildPhases = (
				ADB903E93303DF087972151C /* [CP] Check Pods Manifest.lock */,
				CD80F057289B080C0091F910 /* Sources */,
				CD80F058289B080C0091F910 /* Frameworks */,
				CD80F059289B080C0091F910 /* Resources */,
				6503A745E9B18E225A841EC8 /* [CP] Embed Pods Frameworks */,
				CD42C6A9289B3F8D00D58C7B /* ShellScript */,
			);
			buildRules = (
			);
			dependencies = (
			);
			name = WatchIt;
			productName = WatchIt;
			productReference = CD80F05B289B080C0091F910 /* WatchIt.app */;
			productType = "com.apple.product-type.application";
		};
/* End PBXNativeTarget section */

/* Begin PBXProject section */
		CD80F053289B080C0091F910 /* Project object */ = {
			isa = PBXProject;
			attributes = {
				BuildIndependentTargetsInParallel = 1;
				LastSwiftUpdateCheck = 1340;
				LastUpgradeCheck = 1340;
				TargetAttributes = {
					CD80F05A289B080C0091F910 = {
						CreatedOnToolsVersion = 13.4.1;
					};
				};
			};
			buildConfigurationList = CD80F056289B080C0091F910 /* Build configuration list for PBXProject "WatchIt" */;
			compatibilityVersion = "Xcode 13.0";
			developmentRegion = en;
			hasScannedForEncodings = 0;
			knownRegions = (
				en,
				Base,
			);
			mainGroup = CD80F052289B080C0091F910;
			productRefGroup = CD80F05C289B080C0091F910 /* Products */;
			projectDirPath = "";
			projectRoot = "";
			targets = (
				CD80F05A289B080C0091F910 /* WatchIt */,
			);
		};
/* End PBXProject section */

/* Begin PBXResourcesBuildPhase section */
		CD80F059289B080C0091F910 /* Resources */ = {
			isa = PBXResourcesBuildPhase;
			buildActionMask = 2147483647;
			files = (
				CD80F06B289B08110091F910 /* LaunchScreen.storyboard in Resources */,
				CD91FB6A289B9A780014A282 /* GoogleService-Info.plist in Resources */,
				CD80F068289B08110091F910 /* Assets.xcassets in Resources */,
				CD80F066289B080C0091F910 /* Main.storyboard in Resources */,
			);
			runOnlyForDeploymentPostprocessing = 0;
		};
/* End PBXResourcesBuildPhase section */

/* Begin PBXShellScriptBuildPhase section */
		6503A745E9B18E225A841EC8 /* [CP] Embed Pods Frameworks */ = {
			isa = PBXShellScriptBuildPhase;
			buildActionMask = 2147483647;
			files = (
			);
			inputFileListPaths = (
				"${PODS_ROOT}/Target Support Files/Pods-WatchIt/Pods-WatchIt-frameworks-${CONFIGURATION}-input-files.xcfilelist",
			);
			name = "[CP] Embed Pods Frameworks";
			outputFileListPaths = (
				"${PODS_ROOT}/Target Support Files/Pods-WatchIt/Pods-WatchIt-frameworks-${CONFIGURATION}-output-files.xcfilelist",
			);
			runOnlyForDeploymentPostprocessing = 0;
			shellPath = /bin/sh;
			shellScript = "\"${PODS_ROOT}/Target Support Files/Pods-WatchIt/Pods-WatchIt-frameworks.sh\"\n";
			showEnvVarsInLog = 0;
		};
		ADB903E93303DF087972151C /* [CP] Check Pods Manifest.lock */ = {
			isa = PBXShellScriptBuildPhase;
			buildActionMask = 2147483647;
			files = (
			);
			inputFileListPaths = (
			);
			inputPaths = (
				"${PODS_PODFILE_DIR_PATH}/Podfile.lock",
				"${PODS_ROOT}/Manifest.lock",
			);
			name = "[CP] Check Pods Manifest.lock";
			outputFileListPaths = (
			);
			outputPaths = (
				"$(DERIVED_FILE_DIR)/Pods-WatchIt-checkManifestLockResult.txt",
			);
			runOnlyForDeploymentPostprocessing = 0;
			shellPath = /bin/sh;
			shellScript = "diff \"${PODS_PODFILE_DIR_PATH}/Podfile.lock\" \"${PODS_ROOT}/Manifest.lock\" > /dev/null\nif [ $? != 0 ] ; then\n    # print error to STDERR\n    echo \"error: The sandbox is not in sync with the Podfile.lock. Run 'pod install' or update your CocoaPods installation.\" >&2\n    exit 1\nfi\n# This output is used by Xcode 'outputs' to avoid re-running this script phase.\necho \"SUCCESS\" > \"${SCRIPT_OUTPUT_FILE_0}\"\n";
			showEnvVarsInLog = 0;
		};
		CD42C6A9289B3F8D00D58C7B /* ShellScript */ = {
			isa = PBXShellScriptBuildPhase;
			buildActionMask = 8;
			files = (
			);
			inputFileListPaths = (
			);
			inputPaths = (
				"${DWARF_DSYM_FOLDER_PATH}/${DWARF_DSYM_FILE_NAME}/Contents/Resources/DWARF/${TARGET_NAME}",
				"$(SRCROOT)/$(BUILT_PRODUCTS_DIR)/$(INFOPLIST_PATH)\n",
			);
			outputFileListPaths = (
			);
			outputPaths = (
			);
			runOnlyForDeploymentPostprocessing = 1;
			shellPath = /bin/sh;
			shellScript = "./Pods/CrashlyticsFramework/Crashlytics.framework/run\n";
		};
/* End PBXShellScriptBuildPhase section */

/* Begin PBXSourcesBuildPhase section */
		CD80F057289B080C0091F910 /* Sources */ = {
			isa = PBXSourcesBuildPhase;
			buildActionMask = 2147483647;
			files = (
				CD91FB63289B54520014A282 /* TabBarViewController.swift in Sources */,
				CD91FB5F289B53F60014A282 /* ExploreViewController.swift in Sources */,
				CD80F063289B080C0091F910 /* HomeViewController.swift in Sources */,
				CD91FB66289B7BEC0014A282 /* APICaller.swift in Sources */,
				CD91FB61289B54040014A282 /* ProfileViewController.swift in Sources */,
				CD80F05F289B080C0091F910 /* AppDelegate.swift in Sources */,
				CD88DCB928D6D78E0025BCEE /* ExploreSection.swift in Sources */,
				CD91FB68289B95250014A282 /* API.swift in Sources */,
				CD88DCAE289C7A8D0025BCEE /* AuthManager.swift in Sources */,
				CD88DCB328D54DF70025BCEE /* SearchResponse.swift in Sources */,
				CD80F061289B080C0091F910 /* SceneDelegate.swift in Sources */,
				CD88DCB1289CA4FD0025BCEE /* Extensions.swift in Sources */,
				CD88DCAA289C790B0025BCEE /* DatabaseManager.swift in Sources */,
				CD88DCB528D6D6990025BCEE /* ExploreSectionType.swift in Sources */,
				CD88DCB728D6D7750025BCEE /* ExploreCell.swift in Sources */,
			);
			runOnlyForDeploymentPostprocessing = 0;
		};
/* End PBXSourcesBuildPhase section */

/* Begin PBXVariantGroup section */
		CD80F064289B080C0091F910 /* Main.storyboard */ = {
			isa = PBXVariantGroup;
			children = (
				CD80F065289B080C0091F910 /* Base */,
			);
			name = Main.storyboard;
			sourceTree = "<group>";
		};
		CD80F069289B08110091F910 /* LaunchScreen.storyboard */ = {
			isa = PBXVariantGroup;
			children = (
				CD80F06A289B08110091F910 /* Base */,
			);
			name = LaunchScreen.storyboard;
			sourceTree = "<group>";
		};
/* End PBXVariantGroup section */

/* Begin XCBuildConfiguration section */
		CD80F06D289B08110091F910 /* Debug */ = {
			isa = XCBuildConfiguration;
			buildSettings = {
				ALWAYS_SEARCH_USER_PATHS = NO;
				CLANG_ANALYZER_NONNULL = YES;
				CLANG_ANALYZER_NUMBER_OBJECT_CONVERSION = YES_AGGRESSIVE;
				CLANG_CXX_LANGUAGE_STANDARD = "gnu++17";
				CLANG_ENABLE_MODULES = YES;
				CLANG_ENABLE_OBJC_ARC = YES;
				CLANG_ENABLE_OBJC_WEAK = YES;
				CLANG_WARN_BLOCK_CAPTURE_AUTORELEASING = YES;
				CLANG_WARN_BOOL_CONVERSION = YES;
				CLANG_WARN_COMMA = YES;
				CLANG_WARN_CONSTANT_CONVERSION = YES;
				CLANG_WARN_DEPRECATED_OBJC_IMPLEMENTATIONS = YES;
				CLANG_WARN_DIRECT_OBJC_ISA_USAGE = YES_ERROR;
				CLANG_WARN_DOCUMENTATION_COMMENTS = YES;
				CLANG_WARN_EMPTY_BODY = YES;
				CLANG_WARN_ENUM_CONVERSION = YES;
				CLANG_WARN_INFINITE_RECURSION = YES;
				CLANG_WARN_INT_CONVERSION = YES;
				CLANG_WARN_NON_LITERAL_NULL_CONVERSION = YES;
				CLANG_WARN_OBJC_IMPLICIT_RETAIN_SELF = YES;
				CLANG_WARN_OBJC_LITERAL_CONVERSION = YES;
				CLANG_WARN_OBJC_ROOT_CLASS = YES_ERROR;
				CLANG_WARN_QUOTED_INCLUDE_IN_FRAMEWORK_HEADER = YES;
				CLANG_WARN_RANGE_LOOP_ANALYSIS = YES;
				CLANG_WARN_STRICT_PROTOTYPES = YES;
				CLANG_WARN_SUSPICIOUS_MOVE = YES;
				CLANG_WARN_UNGUARDED_AVAILABILITY = YES_AGGRESSIVE;
				CLANG_WARN_UNREACHABLE_CODE = YES;
				CLANG_WARN__DUPLICATE_METHOD_MATCH = YES;
				COPY_PHASE_STRIP = NO;
				DEBUG_INFORMATION_FORMAT = dwarf;
				ENABLE_STRICT_OBJC_MSGSEND = YES;
				ENABLE_TESTABILITY = YES;
				GCC_C_LANGUAGE_STANDARD = gnu11;
				GCC_DYNAMIC_NO_PIC = NO;
				GCC_NO_COMMON_BLOCKS = YES;
				GCC_OPTIMIZATION_LEVEL = 0;
				GCC_PREPROCESSOR_DEFINITIONS = (
					"DEBUG=1",
					"$(inherited)",
				);
				GCC_WARN_64_TO_32_BIT_CONVERSION = YES;
				GCC_WARN_ABOUT_RETURN_TYPE = YES_ERROR;
				GCC_WARN_UNDECLARED_SELECTOR = YES;
				GCC_WARN_UNINITIALIZED_AUTOS = YES_AGGRESSIVE;
				GCC_WARN_UNUSED_FUNCTION = YES;
				GCC_WARN_UNUSED_VARIABLE = YES;
				IPHONEOS_DEPLOYMENT_TARGET = 15.5;
				MTL_ENABLE_DEBUG_INFO = INCLUDE_SOURCE;
				MTL_FAST_MATH = YES;
				ONLY_ACTIVE_ARCH = YES;
				SDKROOT = iphoneos;
				SWIFT_ACTIVE_COMPILATION_CONDITIONS = DEBUG;
				SWIFT_OPTIMIZATION_LEVEL = "-Onone";
			};
			name = Debug;
		};
		CD80F06E289B08110091F910 /* Release */ = {
			isa = XCBuildConfiguration;
			buildSettings = {
				ALWAYS_SEARCH_USER_PATHS = NO;
				CLANG_ANALYZER_NONNULL = YES;
				CLANG_ANALYZER_NUMBER_OBJECT_CONVERSION = YES_AGGRESSIVE;
				CLANG_CXX_LANGUAGE_STANDARD = "gnu++17";
				CLANG_ENABLE_MODULES = YES;
				CLANG_ENABLE_OBJC_ARC = YES;
				CLANG_ENABLE_OBJC_WEAK = YES;
				CLANG_WARN_BLOCK_CAPTURE_AUTORELEASING = YES;
				CLANG_WARN_BOOL_CONVERSION = YES;
				CLANG_WARN_COMMA = YES;
				CLANG_WARN_CONSTANT_CONVERSION = YES;
				CLANG_WARN_DEPRECATED_OBJC_IMPLEMENTATIONS = YES;
				CLANG_WARN_DIRECT_OBJC_ISA_USAGE = YES_ERROR;
				CLANG_WARN_DOCUMENTATION_COMMENTS = YES;
				CLANG_WARN_EMPTY_BODY = YES;
				CLANG_WARN_ENUM_CONVERSION = YES;
				CLANG_WARN_INFINITE_RECURSION = YES;
				CLANG_WARN_INT_CONVERSION = YES;
				CLANG_WARN_NON_LITERAL_NULL_CONVERSION = YES;
				CLANG_WARN_OBJC_IMPLICIT_RETAIN_SELF = YES;
				CLANG_WARN_OBJC_LITERAL_CONVERSION = YES;
				CLANG_WARN_OBJC_ROOT_CLASS = YES_ERROR;
				CLANG_WARN_QUOTED_INCLUDE_IN_FRAMEWORK_HEADER = YES;
				CLANG_WARN_RANGE_LOOP_ANALYSIS = YES;
				CLANG_WARN_STRICT_PROTOTYPES = YES;
				CLANG_WARN_SUSPICIOUS_MOVE = YES;
				CLANG_WARN_UNGUARDED_AVAILABILITY = YES_AGGRESSIVE;
				CLANG_WARN_UNREACHABLE_CODE = YES;
				CLANG_WARN__DUPLICATE_METHOD_MATCH = YES;
				COPY_PHASE_STRIP = NO;
				DEBUG_INFORMATION_FORMAT = "dwarf-with-dsym";
				ENABLE_NS_ASSERTIONS = NO;
				ENABLE_STRICT_OBJC_MSGSEND = YES;
				GCC_C_LANGUAGE_STANDARD = gnu11;
				GCC_NO_COMMON_BLOCKS = YES;
				GCC_WARN_64_TO_32_BIT_CONVERSION = YES;
				GCC_WARN_ABOUT_RETURN_TYPE = YES_ERROR;
				GCC_WARN_UNDECLARED_SELECTOR = YES;
				GCC_WARN_UNINITIALIZED_AUTOS = YES_AGGRESSIVE;
				GCC_WARN_UNUSED_FUNCTION = YES;
				GCC_WARN_UNUSED_VARIABLE = YES;
				IPHONEOS_DEPLOYMENT_TARGET = 15.5;
				MTL_ENABLE_DEBUG_INFO = NO;
				MTL_FAST_MATH = YES;
				SDKROOT = iphoneos;
				SWIFT_COMPILATION_MODE = wholemodule;
				SWIFT_OPTIMIZATION_LEVEL = "-O";
				VALIDATE_PRODUCT = YES;
			};
			name = Release;
		};
		CD80F070289B08110091F910 /* Debug */ = {
			isa = XCBuildConfiguration;
			baseConfigurationReference = 39EEB15EA64A2FC8C0531EF8 /* Pods-WatchIt.debug.xcconfig */;
			buildSettings = {
				ASSETCATALOG_COMPILER_APPICON_NAME = AppIcon;
				ASSETCATALOG_COMPILER_GLOBAL_ACCENT_COLOR_NAME = AccentColor;
				CODE_SIGN_STYLE = Automatic;
				CURRENT_PROJECT_VERSION = 1;
				DEBUG_INFORMATION_FORMAT = "dwarf-with-dsym";
				DEVELOPMENT_TEAM = P2956JDDUT;
				GENERATE_INFOPLIST_FILE = YES;
				INFOPLIST_FILE = WatchIt/Info.plist;
				INFOPLIST_KEY_UIApplicationSupportsIndirectInputEvents = YES;
				INFOPLIST_KEY_UILaunchStoryboardName = LaunchScreen;
				INFOPLIST_KEY_UISupportedInterfaceOrientations = UIInterfaceOrientationPortrait;
				INFOPLIST_KEY_UISupportedInterfaceOrientations_iPad = "UIInterfaceOrientationPortrait UIInterfaceOrientationPortraitUpsideDown UIInterfaceOrientationLandscapeLeft UIInterfaceOrientationLandscapeRight";
				INFOPLIST_KEY_UISupportedInterfaceOrientations_iPhone = "UIInterfaceOrientationPortrait UIInterfaceOrientationLandscapeLeft UIInterfaceOrientationLandscapeRight";
				LD_RUNPATH_SEARCH_PATHS = (
					"$(inherited)",
					"@executable_path/Frameworks",
				);
				MARKETING_VERSION = 1.0;
				PRODUCT_BUNDLE_IDENTIFIER = Stock.WatchIt;
				PRODUCT_NAME = "$(TARGET_NAME)";
				SWIFT_EMIT_LOC_STRINGS = YES;
				SWIFT_VERSION = 5.0;
				TARGETED_DEVICE_FAMILY = 1;
			};
			name = Debug;
		};
		CD80F071289B08110091F910 /* Release */ = {
			isa = XCBuildConfiguration;
			baseConfigurationReference = DE2887404513DCDC12C2F490 /* Pods-WatchIt.release.xcconfig */;
			buildSettings = {
				ASSETCATALOG_COMPILER_APPICON_NAME = AppIcon;
				ASSETCATALOG_COMPILER_GLOBAL_ACCENT_COLOR_NAME = AccentColor;
				CODE_SIGN_STYLE = Automatic;
				CURRENT_PROJECT_VERSION = 1;
				DEBUG_INFORMATION_FORMAT = "dwarf-with-dsym";
				DEVELOPMENT_TEAM = P2956JDDUT;
				GENERATE_INFOPLIST_FILE = YES;
				INFOPLIST_FILE = WatchIt/Info.plist;
				INFOPLIST_KEY_UIApplicationSupportsIndirectInputEvents = YES;
				INFOPLIST_KEY_UILaunchStoryboardName = LaunchScreen;
				INFOPLIST_KEY_UISupportedInterfaceOrientations = UIInterfaceOrientationPortrait;
				INFOPLIST_KEY_UISupportedInterfaceOrientations_iPad = "UIInterfaceOrientationPortrait UIInterfaceOrientationPortraitUpsideDown UIInterfaceOrientationLandscapeLeft UIInterfaceOrientationLandscapeRight";
				INFOPLIST_KEY_UISupportedInterfaceOrientations_iPhone = "UIInterfaceOrientationPortrait UIInterfaceOrientationLandscapeLeft UIInterfaceOrientationLandscapeRight";
				LD_RUNPATH_SEARCH_PATHS = (
					"$(inherited)",
					"@executable_path/Frameworks",
				);
				MARKETING_VERSION = 1.0;
				PRODUCT_BUNDLE_IDENTIFIER = Stock.WatchIt;
				PRODUCT_NAME = "$(TARGET_NAME)";
				SWIFT_EMIT_LOC_STRINGS = YES;
				SWIFT_VERSION = 5.0;
				TARGETED_DEVICE_FAMILY = 1;
			};
			name = Release;
		};
/* End XCBuildConfiguration section */

/* Begin XCConfigurationList section */
		CD80F056289B080C0091F910 /* Build configuration list for PBXProject "WatchIt" */ = {
			isa = XCConfigurationList;
			buildConfigurations = (
				CD80F06D289B08110091F910 /* Debug */,
				CD80F06E289B08110091F910 /* Release */,
			);
			defaultConfigurationIsVisible = 0;
			defaultConfigurationName = Release;
		};
		CD80F06F289B08110091F910 /* Build configuration list for PBXNativeTarget "WatchIt" */ = {
			isa = XCConfigurationList;
			buildConfigurations = (
				CD80F070289B08110091F910 /* Debug */,
				CD80F071289B08110091F910 /* Release */,
			);
			defaultConfigurationIsVisible = 0;
			defaultConfigurationName = Release;
		};
/* End XCConfigurationList section */
	};
	rootObject = CD80F053289B080C0091F910 /* Project object */;
}
